
Microsoft Visual Studio Solution File, Format Version 12.00
# Visual Studio 2012
Project("{FAE04EC0-301F-11D3-BF4B-00C04F79EFBC}") = "travis-ci-hello-world-c-sharp-test", "travis-ci-hello-world-c-sharp-test.csproj", "{73B31428-A2D1-4A52-AE80-51DF8FDE3DAB}"
EndProject
Project("{FAE04EC0-301F-11D3-BF4B-00C04F79EFBC}") = "travis-ci-hello-world-c-sharp", "travis-ci-hello-world-c-sharp.csproj", "{B2A334EC-1832-4AD7-B863-6C5F99D686B9}"
EndProject
Global
	GlobalSection(SolutionConfigurationPlatforms) = preSolution
		Debug|Any CPU = Debug|Any CPU
		Release|Any CPU = Release|Any CPU
	EndGlobalSection
	GlobalSection(ProjectConfigurationPlatforms) = postSolution
		{73B31428-A2D1-4A52-AE80-51DF8FDE3DAB}.Debug|Any CPU.ActiveCfg = Debug|Any CPU
		{73B31428-A2D1-4A52-AE80-51DF8FDE3DAB}.Debug|Any CPU.Build.0 = Debug|Any CPU
		{73B31428-A2D1-4A52-AE80-51DF8FDE3DAB}.Release|Any CPU.ActiveCfg = Release|Any CPU
		{73B31428-A2D1-4A52-AE80-51DF8FDE3DAB}.Release|Any CPU.Build.0 = Release|Any CPU
		{B2A334EC-1832-4AD7-B863-6C5F99D686B9}.Debug|Any CPU.ActiveCfg = Debug|Any CPU
		{B2A334EC-1832-4AD7-B863-6C5F99D686B9}.Debug|Any CPU.Build.0 = Debug|Any CPU
		{B2A334EC-1832-4AD7-B863-6C5F99D686B9}.Release|Any CPU.ActiveCfg = Release|Any CPU
		{B2A334EC-1832-4AD7-B863-6C5F99D686B9}.Release|Any CPU.Build.0 = Release|Any CPU
	EndGlobalSection
EndGlobal
